
Microsoft Visual Studio Solution File, Format Version 11.00
# Visual Studio 2010
Project("{FAE04EC0-301F-11D3-BF4B-00C04F79EFBC}") = "Assembly-CSharp", "Assembly-CSharp.csproj", "{77992304-5390-A3AE-FE3E-1DF295ADD9B3}"
EndProject
Project("{FAE04EC0-301F-11D3-BF4B-00C04F79EFBC}") = "Assembly-CSharp-Editor", "Assembly-CSharp-Editor.csproj", "{E9D523D6-BE6B-F3EC-2CC2-4AE119A59A76}"
EndProject
Global
	GlobalSection(SolutionConfigurationPlatforms) = preSolution
		Debug|Any CPU = Debug|Any CPU
		Release|Any CPU = Release|Any CPU
	EndGlobalSection
	GlobalSection(ProjectConfigurationPlatforms) = postSolution
		{77992304-5390-A3AE-FE3E-1DF295ADD9B3}.Debug|Any CPU.ActiveCfg = Debug|Any CPU
		{77992304-5390-A3AE-FE3E-1DF295ADD9B3}.Debug|Any CPU.Build.0 = Debug|Any CPU
		{77992304-5390-A3AE-FE3E-1DF295ADD9B3}.Release|Any CPU.ActiveCfg = Release|Any CPU
		{77992304-5390-A3AE-FE3E-1DF295ADD9B3}.Release|Any CPU.Build.0 = Release|Any CPU
		{E9D523D6-BE6B-F3EC-2CC2-4AE119A59A76}.Debug|Any CPU.ActiveCfg = Debug|Any CPU
		{E9D523D6-BE6B-F3EC-2CC2-4AE119A59A76}.Debug|Any CPU.Build.0 = Debug|Any CPU
		{E9D523D6-BE6B-F3EC-2CC2-4AE119A59A76}.Release|Any CPU.ActiveCfg = Release|Any CPU
		{E9D523D6-BE6B-F3EC-2CC2-4AE119A59A76}.Release|Any CPU.Build.0 = Release|Any CPU
	EndGlobalSection
	GlobalSection(SolutionProperties) = preSolution
		HideSolutionNode = FALSE
	EndGlobalSection
EndGlobal
